{
  "name": "datalogic-bench-node-runners",
  "version": "0.0.0",
  "lockfileVersion": 3,
  "requires": true,
  "packages": {
    "": {
      "name": "datalogic-bench-node-runners",
      "version": "0.0.0",
      "dependencies": {
        "@goplasmatic/datalogic-wasm": "file:../../../bindings/wasm/pkg",
        "json-logic-engine": "^5.0.7",
        "json-logic-js": "^2.0.5"
      },
      "engines": {
        "node": ">=18.0.0"
      }
    },
    "../../../bindings/wasm/pkg": {
      "name": "@goplasmatic/datalogic-wasm",
      "version": "5.0.1",
      "license": "Apache-2.0",
      "engines": {
        "node": ">=16.0.0"
      }
    },
    "../../wasm/pkg": {
      "name": "@goplasmatic/datalogic-wasm",
      "version": "5.0.0",
      "extraneous": true,
      "license": "Apache-2.0",
      "engines": {
        "node": ">=16.0.0"
      }
    },
    "node_modules/@goplasmatic/datalogic-wasm": {
      "resolved": "../../../bindings/wasm/pkg",
      "link": true
    },
    "node_modules/json-logic-engine": {
      "version": "5.0.7",
      "resolved": "https://registry.npmjs.org/json-logic-engine/-/json-logic-engine-5.0.7.tgz",
      "integrity": "sha512-Q7L18Ds60urcXPfw2yNJgE21zJOqvoBvVLLHnvzH3NR1GfFeoDu+YxCdLsHBNYiWzO5UAsv3T77VaUVeslmbrA==",
      "license": "MIT",
      "engines": {
        "node": ">=12.22.7"
      }
    },
    "node_modules/json-logic-js": {
      "version": "2.0.5",
      "resolved": "https://registry.npmjs.org/json-logic-js/-/json-logic-js-2.0.5.tgz",
      "integrity": "sha512-rTT2+lqcuUmj4DgWfmzupZqQDA64AdmYqizzMPWj3DxGdfFNsxPpcNVSaTj4l8W2tG/+hg7/mQhxjU3aPacO6g==",
      "license": "MIT"
    }
  }
}
